
Microsoft Visual Studio Solution File, Format Version 11.00
# Visual Studio 2010
Project("{FAE04EC0-301F-11D3-BF4B-00C04F79EFBC}") = "CDP1", "Assembly-CSharp.csproj", "{96F3B829-271C-1BA9-EC0E-DD2CDA12C78E}"
EndProject
Project("{F64A9794-E19F-7647-7731-847DD0BF96CB}") = "CDP1", "Assembly-UnityScript.unityproj", "{55A1715C-B362-E1A4-B8D0-B9A3CE586EED}"
EndProject
Global
	GlobalSection(SolutionConfigurationPlatforms) = preSolution
		Debug|Any CPU = Debug|Any CPU
		Release|Any CPU = Release|Any CPU
	EndGlobalSection
	GlobalSection(ProjectConfigurationPlatforms) = postSolution
		{96F3B829-271C-1BA9-EC0E-DD2CDA12C78E}.Debug|Any CPU.ActiveCfg = Debug|Any CPU
		{96F3B829-271C-1BA9-EC0E-DD2CDA12C78E}.Debug|Any CPU.Build.0 = Debug|Any CPU
		{96F3B829-271C-1BA9-EC0E-DD2CDA12C78E}.Release|Any CPU.ActiveCfg = Release|Any CPU
		{96F3B829-271C-1BA9-EC0E-DD2CDA12C78E}.Release|Any CPU.Build.0 = Release|Any CPU
		{55A1715C-B362-E1A4-B8D0-B9A3CE586EED}.Debug|Any CPU.ActiveCfg = Debug|Any CPU
		{55A1715C-B362-E1A4-B8D0-B9A3CE586EED}.Debug|Any CPU.Build.0 = Debug|Any CPU
		{55A1715C-B362-E1A4-B8D0-B9A3CE586EED}.Release|Any CPU.ActiveCfg = Release|Any CPU
		{55A1715C-B362-E1A4-B8D0-B9A3CE586EED}.Release|Any CPU.Build.0 = Release|Any CPU
	EndGlobalSection
	GlobalSection(SolutionProperties) = preSolution
		HideSolutionNode = FALSE
	EndGlobalSection
	GlobalSection(MonoDevelopProperties) = preSolution
		StartupItem = Assembly-CSharp.csproj
	EndGlobalSection
EndGlobal
